
Microsoft Visual Studio Solution File, Format Version 12.00
# Visual Studio Version 17
VisualStudioVersion = 17.8.34322.80
MinimumVisualStudioVersion = 10.0.40219.1
Project("{8BC9CEB8-8B4A-11D0-8D11-00A0C91BC942}") = "PacmanClone", "PacmanClone\PacmanClone.vcxproj", "{6CEBD95C-F0F5-4412-8E34-030F5A509198}"
EndProject
Global
	GlobalSection(SolutionConfigurationPlatforms) = preSolution
		Debug|x64 = Debug|x64
		Debug|x86 = Debug|x86
		Release|x64 = Release|x64
		Release|x86 = Release|x86
	EndGlobalSection
	GlobalSection(ProjectConfigurationPlatforms) = postSolution
		{6CEBD95C-F0F5-4412-8E34-030F5A509198}.Debug|x64.ActiveCfg = Debug|x64
		{6CEBD95C-F0F5-4412-8E34-030F5A509198}.Debug|x64.Build.0 = Debug|x64
		{6CEBD95C-F0F5-4412-8E34-030F5A509198}.Debug|x86.ActiveCfg = Debug|Win32
		{6CEBD95C-F0F5-4412-8E34-030F5A509198}.Debug|x86.Build.0 = Debug|Win32
		{6CEBD95C-F0F5-4412-8E34-030F5A509198}.Release|x64.ActiveCfg = Release|x64
		{6CEBD95C-F0F5-4412-8E34-030F5A509198}.Release|x64.Build.0 = Release|x64
		{6CEBD95C-F0F5-4412-8E34-030F5A509198}.Release|x86.ActiveCfg = Release|Win32
		{6CEBD95C-F0F5-4412-8E34-030F5A509198}.Release|x86.Build.0 = Release|Win32
	EndGlobalSection
	GlobalSection(SolutionProperties) = preSolution
		HideSolutionNode = FALSE
	EndGlobalSection
	GlobalSection(ExtensibilityGlobals) = postSolution
		SolutionGuid = {3D6410E1-930E-4B29-86E1-8B3716C1570F}
	EndGlobalSection
EndGlobal
