<?xml version="1.0" encoding="utf-8"?>
<Project ToolsVersion="4.0" xmlns="http://schemas.microsoft.com/developer/msbuild/2003">
  <ItemGroup>
    <Filter Include="Source Files">
      <UniqueIdentifier>{4FC737F1-C7A5-4376-A066-2A32D752A2FF}</UniqueIdentifier>
      <Extensions>cpp;c;cc;cxx;c++;cppm;ixx;def;odl;idl;hpj;bat;asm;asmx</Extensions>
    </Filter>
    <Filter Include="Header Files">
      <UniqueIdentifier>{93995380-89BD-4b04-88EB-625FBE52EBFB}</UniqueIdentifier>
      <Extensions>h;hh;hpp;hxx;h++;hm;inl;inc;ipp;xsd</Extensions>
    </Filter>
    <Filter Include="Resource Files">
      <UniqueIdentifier>{67DA6AB6-F800-4c08-8B7A-83BB121AAD01}</UniqueIdentifier>
      <Extensions>rc;ico;cur;bmp;dlg;rc2;rct;bin;rgs;gif;jpg;jpeg;jpe;resx;tiff;tif;png;wav;mfcribbon-ms</Extensions>
    </Filter>
  </ItemGroup>
  <ItemGroup>
    <ClCompile Include="source\Game.cpp">
      <Filter>Source Files</Filter>
    </ClCompile>
    <ClCompile Include="source\Grid\GameGrid.cpp">
      <Filter>Source Files</Filter>
    </ClCompile>
    <ClCompile Include="source\Grid\GridCell.cpp">
      <Filter>Source Files</Filter>
    </ClCompile>
    <ClCompile Include="source\Grid\GridLink.cpp">
      <Filter>Source Files</Filter>
    </ClCompile>
    <ClCompile Include="source\PacmanCore.cpp">
      <Filter>Source Files</Filter>
    </ClCompile>
    <ClCompile Include="source\Grid\GridCellContent.cpp">
      <Filter>Source Files</Filter>
    </ClCompile>
    <ClCompile Include="source\Grid\GridGenerator.cpp">
      <Filter>Source Files</Filter>
    </ClCompile>
    <ClCompile Include="source\Grid\GridWrapLink.cpp">
      <Filter>Source Files</Filter>
    </ClCompile>
    <ClCompile Include="source\Ghosts\States\AIState_Base.cpp">
      <Filter>Source Files</Filter>
    </ClCompile>
    <ClCompile Include="source\Ghosts\States\AIState_Chasing.cpp">
      <Filter>Source Files</Filter>
    </ClCompile>
    <ClCompile Include="source\Ghosts\States\AIState_Dead.cpp">
      <Filter>Source Files</Filter>
    </ClCompile>
    <ClCompile Include="source\Ghosts\States\AIState_Frightened.cpp">
      <Filter>Source Files</Filter>
    </ClCompile>
    <ClCompile Include="source\Ghosts\States\AIState_Scatter.cpp">
      <Filter>Source Files</Filter>
    </ClCompile>
    <ClCompile Include="source\Movement\MovementComponent.cpp">
      <Filter>Source Files</Filter>
    </ClCompile>
    <ClCompile Include="source\Game\PacmanGame.cpp">
      <Filter>Source Files</Filter>
    </ClCompile>
    <ClCompile Include="source\Ghosts\States\StateMachine_Component.cpp">
      <Filter>Source Files</Filter>
    </ClCompile>
    <ClCompile Include="source\World\Actors\Actor.cpp">
      <Filter>Source Files</Filter>
    </ClCompile>
    <ClCompile Include="source\World\Actors\ActorComponent.cpp">
      <Filter>Source Files</Filter>
    </ClCompile>
    <ClCompile Include="source\World\Actors\SpriteComponent.cpp">
      <Filter>Source Files</Filter>
    </ClCompile>
    <ClCompile Include="source\World\World.cpp">
      <Filter>Source Files</Filter>
    </ClCompile>
  </ItemGroup>
  <ItemGroup>
    <ClInclude Include="source\Grid\GameGrid.h">
      <Filter>Header Files</Filter>
    </ClInclude>
    <ClInclude Include="source\Grid\GridCell.h">
      <Filter>Header Files</Filter>
    </ClInclude>
    <ClInclude Include="source\Grid\GridLink.h">
      <Filter>Header Files</Filter>
    </ClInclude>
    <ClInclude Include="source\PacmanCore.h">
      <Filter>Header Files</Filter>
    </ClInclude>
    <ClInclude Include="source\Grid\GridCellContent.h">
      <Filter>Header Files</Filter>
    </ClInclude>
    <ClInclude Include="source\Grid\GridGenerator.h">
      <Filter>Header Files</Filter>
    </ClInclude>
    <ClInclude Include="source\Grid\GridWrapLink.h">
      <Filter>Header Files</Filter>
    </ClInclude>
    <ClInclude Include="source\Ghosts\States\AIState_Base.h">
      <Filter>Header Files</Filter>
    </ClInclude>
    <ClInclude Include="source\Ghosts\States\AIState_Chasing.h">
      <Filter>Header Files</Filter>
    </ClInclude>
    <ClInclude Include="source\Ghosts\States\AIState_Dead.h">
      <Filter>Header Files</Filter>
    </ClInclude>
    <ClInclude Include="source\Ghosts\States\AIState_Frightened.h">
      <Filter>Header Files</Filter>
    </ClInclude>
    <ClInclude Include="source\Ghosts\States\AIState_Scatter.h">
      <Filter>Header Files</Filter>
    </ClInclude>
    <ClInclude Include="source\Movement\MovementComponent.h">
      <Filter>Header Files</Filter>
    </ClInclude>
    <ClInclude Include="source\Game\PacmanGame.h">
      <Filter>Header Files</Filter>
    </ClInclude>
    <ClInclude Include="source\Ghosts\States\StateMachine_Component.h">
      <Filter>Header Files</Filter>
    </ClInclude>
    <ClInclude Include="source\World\Actors\Actor.hpp">
      <Filter>Header Files</Filter>
    </ClInclude>
    <ClInclude Include="source\World\Actors\ActorComponent.hpp">
      <Filter>Header Files</Filter>
    </ClInclude>
    <ClInclude Include="source\World\Actors\SpriteComponent.hpp">
      <Filter>Header Files</Filter>
    </ClInclude>
    <ClInclude Include="source\World\World.hpp">
      <Filter>Header Files</Filter>
    </ClInclude>
  </ItemGroup>
</Project>